
Microsoft Visual Studio Solution File, Format Version 12.00
# Visual Studio Version 17
VisualStudioVersion = 17.1.32421.90
MinimumVisualStudioVersion = 10.0.40219.1
Project("{9A19103F-16F7-4668-BE54-9A1E7A4F7556}") = "Movies.Api", "WebApplication18\Movies.Api.csproj", "{29CBC6FF-BD8F-4FC2-964C-03C69BD52E56}"
EndProject
Project("{9A19103F-16F7-4668-BE54-9A1E7A4F7556}") = "Movies.Data", "Movies.Data\Movies.Data.csproj", "{C526C3CF-AAB8-49B4-B387-5D9445115250}"
EndProject
Project("{9A19103F-16F7-4668-BE54-9A1E7A4F7556}") = "Movies.Api.Test", "Movies.Api.Test\Movies.Api.Test.csproj", "{2FAD29A6-D193-49E6-9E81-477C56EB3198}"
EndProject
Global
	GlobalSection(SolutionConfigurationPlatforms) = preSolution
		Debug|Any CPU = Debug|Any CPU
		Release|Any CPU = Release|Any CPU
	EndGlobalSection
	GlobalSection(ProjectConfigurationPlatforms) = postSolution
		{29CBC6FF-BD8F-4FC2-964C-03C69BD52E56}.Debug|Any CPU.ActiveCfg = Debug|Any CPU
		{29CBC6FF-BD8F-4FC2-964C-03C69BD52E56}.Debug|Any CPU.Build.0 = Debug|Any CPU
		{29CBC6FF-BD8F-4FC2-964C-03C69BD52E56}.Release|Any CPU.ActiveCfg = Release|Any CPU
		{29CBC6FF-BD8F-4FC2-964C-03C69BD52E56}.Release|Any CPU.Build.0 = Release|Any CPU
		{C526C3CF-AAB8-49B4-B387-5D9445115250}.Debug|Any CPU.ActiveCfg = Debug|Any CPU
		{C526C3CF-AAB8-49B4-B387-5D9445115250}.Debug|Any CPU.Build.0 = Debug|Any CPU
		{C526C3CF-AAB8-49B4-B387-5D9445115250}.Release|Any CPU.ActiveCfg = Release|Any CPU
		{C526C3CF-AAB8-49B4-B387-5D9445115250}.Release|Any CPU.Build.0 = Release|Any CPU
		{2FAD29A6-D193-49E6-9E81-477C56EB3198}.Debug|Any CPU.ActiveCfg = Debug|Any CPU
		{2FAD29A6-D193-49E6-9E81-477C56EB3198}.Debug|Any CPU.Build.0 = Debug|Any CPU
		{2FAD29A6-D193-49E6-9E81-477C56EB3198}.Release|Any CPU.ActiveCfg = Release|Any CPU
		{2FAD29A6-D193-49E6-9E81-477C56EB3198}.Release|Any CPU.Build.0 = Release|Any CPU
	EndGlobalSection
	GlobalSection(SolutionProperties) = preSolution
		HideSolutionNode = FALSE
	EndGlobalSection
	GlobalSection(ExtensibilityGlobals) = postSolution
		SolutionGuid = {4FFCD468-B2DE-436B-B6ED-6E4225F4C974}
	EndGlobalSection
EndGlobal
